
Microsoft Visual Studio Solution File, Format Version 12.00
# Visual Studio Version 17
VisualStudioVersion = 17.0.31912.275
MinimumVisualStudioVersion = 10.0.40219.1
Project("{FAE04EC0-301F-11D3-BF4B-00C04F79EFBC}") = "RecipesCatalog", "RecipesCatalog\RecipesCatalog.csproj", "{54F96DDE-6CD2-4E10-921E-E027EF02695C}"
EndProject
Project("{FAE04EC0-301F-11D3-BF4B-00C04F79EFBC}") = "Data", "Data\Data.csproj", "{2BB4DFC3-CEF7-47D9-802B-E805CB20D3F9}"
EndProject
Project("{FAE04EC0-301F-11D3-BF4B-00C04F79EFBC}") = "Bussines", "Bussines\Bussines.csproj", "{69ABC6BE-9AB5-4165-A387-D98C703CA2FC}"
EndProject
Global
	GlobalSection(SolutionConfigurationPlatforms) = preSolution
		Debug|Any CPU = Debug|Any CPU
		Release|Any CPU = Release|Any CPU
	EndGlobalSection
	GlobalSection(ProjectConfigurationPlatforms) = postSolution
		{54F96DDE-6CD2-4E10-921E-E027EF02695C}.Debug|Any CPU.ActiveCfg = Debug|Any CPU
		{54F96DDE-6CD2-4E10-921E-E027EF02695C}.Debug|Any CPU.Build.0 = Debug|Any CPU
		{54F96DDE-6CD2-4E10-921E-E027EF02695C}.Release|Any CPU.ActiveCfg = Release|Any CPU
		{54F96DDE-6CD2-4E10-921E-E027EF02695C}.Release|Any CPU.Build.0 = Release|Any CPU
		{2BB4DFC3-CEF7-47D9-802B-E805CB20D3F9}.Debug|Any CPU.ActiveCfg = Debug|Any CPU
		{2BB4DFC3-CEF7-47D9-802B-E805CB20D3F9}.Debug|Any CPU.Build.0 = Debug|Any CPU
		{2BB4DFC3-CEF7-47D9-802B-E805CB20D3F9}.Release|Any CPU.ActiveCfg = Release|Any CPU
		{2BB4DFC3-CEF7-47D9-802B-E805CB20D3F9}.Release|Any CPU.Build.0 = Release|Any CPU
		{69ABC6BE-9AB5-4165-A387-D98C703CA2FC}.Debug|Any CPU.ActiveCfg = Debug|Any CPU
		{69ABC6BE-9AB5-4165-A387-D98C703CA2FC}.Debug|Any CPU.Build.0 = Debug|Any CPU
		{69ABC6BE-9AB5-4165-A387-D98C703CA2FC}.Release|Any CPU.ActiveCfg = Release|Any CPU
		{69ABC6BE-9AB5-4165-A387-D98C703CA2FC}.Release|Any CPU.Build.0 = Release|Any CPU
	EndGlobalSection
	GlobalSection(SolutionProperties) = preSolution
		HideSolutionNode = FALSE
	EndGlobalSection
	GlobalSection(ExtensibilityGlobals) = postSolution
		SolutionGuid = {03A3BA89-8B4B-4707-91A5-36BBF4E8ED0E}
	EndGlobalSection
EndGlobal
